
Microsoft Visual Studio Solution File, Format Version 12.00
# Visual Studio Version 17
VisualStudioVersion = 17.14.36310.24 d17.14
MinimumVisualStudioVersion = 10.0.40219.1
Project("{FAE04EC0-301F-11D3-BF4B-00C04F79EFBC}") = "Monitoring The Situation", "Monitoring The Situation\Monitoring The Situation.csproj", "{1CEBD9E4-8D32-404A-99A8-2C9AAD55C474}"
EndProject
Global
	GlobalSection(SolutionConfigurationPlatforms) = preSolution
		Debug|Any CPU = Debug|Any CPU
		Release|Any CPU = Release|Any CPU
	EndGlobalSection
	GlobalSection(ProjectConfigurationPlatforms) = postSolution
		{1CEBD9E4-8D32-404A-99A8-2C9AAD55C474}.Debug|Any CPU.ActiveCfg = Debug|Any CPU
		{1CEBD9E4-8D32-404A-99A8-2C9AAD55C474}.Debug|Any CPU.Build.0 = Debug|Any CPU
		{1CEBD9E4-8D32-404A-99A8-2C9AAD55C474}.Release|Any CPU.ActiveCfg = Release|Any CPU
		{1CEBD9E4-8D32-404A-99A8-2C9AAD55C474}.Release|Any CPU.Build.0 = Release|Any CPU
	EndGlobalSection
	GlobalSection(SolutionProperties) = preSolution
		HideSolutionNode = FALSE
	EndGlobalSection
	GlobalSection(ExtensibilityGlobals) = postSolution
		SolutionGuid = {80D65BB2-FC14-4B21-8AED-EBB66B0B2FFB}
	EndGlobalSection
EndGlobal
